// !$*UTF8*$!
{
	archiveVersion = 1;
	classes = {
	};
	objectVersion = 55;
	objects = {

/* Begin PBXBuildFile section */
		26E21F7E83BAC7571A7E2A37 /* Pods_PetProject_PetProjectUITests.framework in Frameworks */ = {isa = PBXBuildFile; fileRef = 132201D039F79FEB5A69F1CA /* Pods_PetProject_PetProjectUITests.framework */; };
		4338FCC727F3419C00310822 /* CheapSharkService.swift in Sources */ = {isa = PBXBuildFile; fileRef = 4338FCC627F3419C00310822 /* CheapSharkService.swift */; };
		4338FCC827F3419C00310822 /* CheapSharkService.swift in Sources */ = {isa = PBXBuildFile; fileRef = 4338FCC627F3419C00310822 /* CheapSharkService.swift */; };
		4338FCC927F3419C00310822 /* CheapSharkService.swift in Sources */ = {isa = PBXBuildFile; fileRef = 4338FCC627F3419C00310822 /* CheapSharkService.swift */; };
		4338FCCB27F3428F00310822 /* StoreModel.swift in Sources */ = {isa = PBXBuildFile; fileRef = 4338FCCA27F3428F00310822 /* StoreModel.swift */; };
		4338FCCC27F3428F00310822 /* StoreModel.swift in Sources */ = {isa = PBXBuildFile; fileRef = 4338FCCA27F3428F00310822 /* StoreModel.swift */; };
		4338FCCD27F3428F00310822 /* StoreModel.swift in Sources */ = {isa = PBXBuildFile; fileRef = 4338FCCA27F3428F00310822 /* StoreModel.swift */; };
		4338FCCF27F46EC300310822 /* StoreCell.swift in Sources */ = {isa = PBXBuildFile; fileRef = 4338FCCE27F46EC300310822 /* StoreCell.swift */; };
		4338FCD027F46EC300310822 /* StoreCell.swift in Sources */ = {isa = PBXBuildFile; fileRef = 4338FCCE27F46EC300310822 /* StoreCell.swift */; };
		4338FCD127F46EC300310822 /* StoreCell.swift in Sources */ = {isa = PBXBuildFile; fileRef = 4338FCCE27F46EC300310822 /* StoreCell.swift */; };
		434063EF27EC6C200031CF24 /* AppDelegate.swift in Sources */ = {isa = PBXBuildFile; fileRef = 434063EE27EC6C200031CF24 /* AppDelegate.swift */; };
		434063F327EC6C200031CF24 /* LoginViewController.swift in Sources */ = {isa = PBXBuildFile; fileRef = 434063F227EC6C200031CF24 /* LoginViewController.swift */; };
		434063F827EC6C210031CF24 /* Assets.xcassets in Resources */ = {isa = PBXBuildFile; fileRef = 434063F727EC6C210031CF24 /* Assets.xcassets */; };
		4340640627EC6C210031CF24 /* PetProjectTests.swift in Sources */ = {isa = PBXBuildFile; fileRef = 4340640527EC6C210031CF24 /* PetProjectTests.swift */; };
		4340641027EC6C210031CF24 /* PetProjectUITests.swift in Sources */ = {isa = PBXBuildFile; fileRef = 4340640F27EC6C210031CF24 /* PetProjectUITests.swift */; };
		4340641227EC6C210031CF24 /* PetProjectUITestsLaunchTests.swift in Sources */ = {isa = PBXBuildFile; fileRef = 4340641127EC6C210031CF24 /* PetProjectUITestsLaunchTests.swift */; };
		4340642027EC76200031CF24 /* AppCoordinator.swift in Sources */ = {isa = PBXBuildFile; fileRef = 4340641F27EC76200031CF24 /* AppCoordinator.swift */; };
		4340642127EC76200031CF24 /* AppCoordinator.swift in Sources */ = {isa = PBXBuildFile; fileRef = 4340641F27EC76200031CF24 /* AppCoordinator.swift */; };
		4340642627EC77450031CF24 /* UserModel.swift in Sources */ = {isa = PBXBuildFile; fileRef = 4340642527EC77450031CF24 /* UserModel.swift */; };
		4340642727EC77450031CF24 /* UserModel.swift in Sources */ = {isa = PBXBuildFile; fileRef = 4340642527EC77450031CF24 /* UserModel.swift */; };
		4340642827EC77450031CF24 /* UserModel.swift in Sources */ = {isa = PBXBuildFile; fileRef = 4340642527EC77450031CF24 /* UserModel.swift */; };
		4340642C27EC7A540031CF24 /* Coordinator.swift in Sources */ = {isa = PBXBuildFile; fileRef = 4340642B27EC7A540031CF24 /* Coordinator.swift */; };
		4340642D27EC7A540031CF24 /* Coordinator.swift in Sources */ = {isa = PBXBuildFile; fileRef = 4340642B27EC7A540031CF24 /* Coordinator.swift */; };
		4340642E27EC7A540031CF24 /* Coordinator.swift in Sources */ = {isa = PBXBuildFile; fileRef = 4340642B27EC7A540031CF24 /* Coordinator.swift */; };
		439E83AA27EDBE72004065F5 /* MainScreenViewController.swift in Sources */ = {isa = PBXBuildFile; fileRef = 439E83A927EDBE72004065F5 /* MainScreenViewController.swift */; };
		439E83AB27EDBE72004065F5 /* MainScreenViewController.swift in Sources */ = {isa = PBXBuildFile; fileRef = 439E83A927EDBE72004065F5 /* MainScreenViewController.swift */; };
		439E83AD27EDBF36004065F5 /* MainScreenViewModel.swift in Sources */ = {isa = PBXBuildFile; fileRef = 439E83AC27EDBF35004065F5 /* MainScreenViewModel.swift */; };
		439E83AE27EDBF36004065F5 /* MainScreenViewModel.swift in Sources */ = {isa = PBXBuildFile; fileRef = 439E83AC27EDBF35004065F5 /* MainScreenViewModel.swift */; };
		439E83AF27EDBF36004065F5 /* MainScreenViewModel.swift in Sources */ = {isa = PBXBuildFile; fileRef = 439E83AC27EDBF35004065F5 /* MainScreenViewModel.swift */; };
		43C0782627F1E6DE006A896C /* DependencyContainer.swift in Sources */ = {isa = PBXBuildFile; fileRef = 43C0782527F1E6DE006A896C /* DependencyContainer.swift */; };
		43C0782727F1E6DE006A896C /* DependencyContainer.swift in Sources */ = {isa = PBXBuildFile; fileRef = 43C0782527F1E6DE006A896C /* DependencyContainer.swift */; };
		43C0782827F1E6DE006A896C /* DependencyContainer.swift in Sources */ = {isa = PBXBuildFile; fileRef = 43C0782527F1E6DE006A896C /* DependencyContainer.swift */; };
		43CC86F227F2E19700C1D94F /* Localizable.strings in Resources */ = {isa = PBXBuildFile; fileRef = 43CC86F627F2E19700C1D94F /* Localizable.strings */; };
		43CC86F327F2E19700C1D94F /* Localizable.strings in Resources */ = {isa = PBXBuildFile; fileRef = 43CC86F627F2E19700C1D94F /* Localizable.strings */; };
		43CC86F427F2E19700C1D94F /* Localizable.strings in Resources */ = {isa = PBXBuildFile; fileRef = 43CC86F627F2E19700C1D94F /* Localizable.strings */; };
		43CC86FA27F2E21600C1D94F /* StringExtensions.swift in Sources */ = {isa = PBXBuildFile; fileRef = 43CC86F927F2E21600C1D94F /* StringExtensions.swift */; };
		43CC86FB27F2E21600C1D94F /* StringExtensions.swift in Sources */ = {isa = PBXBuildFile; fileRef = 43CC86F927F2E21600C1D94F /* StringExtensions.swift */; };
		43CC86FC27F2E21600C1D94F /* StringExtensions.swift in Sources */ = {isa = PBXBuildFile; fileRef = 43CC86F927F2E21600C1D94F /* StringExtensions.swift */; };
		43E8BF5927EC866400D9CC50 /* LoginViewModel.swift in Sources */ = {isa = PBXBuildFile; fileRef = 43E8BF5827EC866400D9CC50 /* LoginViewModel.swift */; };
		43E8BF5A27EC866400D9CC50 /* LoginViewModel.swift in Sources */ = {isa = PBXBuildFile; fileRef = 43E8BF5827EC866400D9CC50 /* LoginViewModel.swift */; };
		43E8BF5B27EC866400D9CC50 /* LoginViewModel.swift in Sources */ = {isa = PBXBuildFile; fileRef = 43E8BF5827EC866400D9CC50 /* LoginViewModel.swift */; };
		43E8BF5E27EC90E800D9CC50 /* NetworkService.swift in Sources */ = {isa = PBXBuildFile; fileRef = 43E8BF5D27EC90E800D9CC50 /* NetworkService.swift */; };
		43E8BF5F27EC90E800D9CC50 /* NetworkService.swift in Sources */ = {isa = PBXBuildFile; fileRef = 43E8BF5D27EC90E800D9CC50 /* NetworkService.swift */; };
		43E8BF6027EC90E800D9CC50 /* NetworkService.swift in Sources */ = {isa = PBXBuildFile; fileRef = 43E8BF5D27EC90E800D9CC50 /* NetworkService.swift */; };
		43E8BF6227EC919F00D9CC50 /* BorderedTextField.swift in Sources */ = {isa = PBXBuildFile; fileRef = 43E8BF6127EC919F00D9CC50 /* BorderedTextField.swift */; };
		43E8BF6327EC919F00D9CC50 /* BorderedTextField.swift in Sources */ = {isa = PBXBuildFile; fileRef = 43E8BF6127EC919F00D9CC50 /* BorderedTextField.swift */; };
		43E8BF6427EC919F00D9CC50 /* BorderedTextField.swift in Sources */ = {isa = PBXBuildFile; fileRef = 43E8BF6127EC919F00D9CC50 /* BorderedTextField.swift */; };
		43E8BF6727EC979700D9CC50 /* LoginFormView.swift in Sources */ = {isa = PBXBuildFile; fileRef = 43E8BF6627EC979700D9CC50 /* LoginFormView.swift */; };
		43E8BF6827EC979700D9CC50 /* LoginFormView.swift in Sources */ = {isa = PBXBuildFile; fileRef = 43E8BF6627EC979700D9CC50 /* LoginFormView.swift */; };
		43E8BF6927EC979700D9CC50 /* LoginFormView.swift in Sources */ = {isa = PBXBuildFile; fileRef = 43E8BF6627EC979700D9CC50 /* LoginFormView.swift */; };
		43E8BF6B27EC981000D9CC50 /* SecuredBorderedTextField.swift in Sources */ = {isa = PBXBuildFile; fileRef = 43E8BF6A27EC981000D9CC50 /* SecuredBorderedTextField.swift */; };
		43E8BF6C27EC981000D9CC50 /* SecuredBorderedTextField.swift in Sources */ = {isa = PBXBuildFile; fileRef = 43E8BF6A27EC981000D9CC50 /* SecuredBorderedTextField.swift */; };
		43E8BF6D27EC981000D9CC50 /* SecuredBorderedTextField.swift in Sources */ = {isa = PBXBuildFile; fileRef = 43E8BF6A27EC981000D9CC50 /* SecuredBorderedTextField.swift */; };
		43E8BF7127ECB16900D9CC50 /* LoginService.swift in Sources */ = {isa = PBXBuildFile; fileRef = 43E8BF7027ECB16900D9CC50 /* LoginService.swift */; };
		43E8BF7227ECB16900D9CC50 /* LoginService.swift in Sources */ = {isa = PBXBuildFile; fileRef = 43E8BF7027ECB16900D9CC50 /* LoginService.swift */; };
		43E8BF7327ECB16900D9CC50 /* LoginService.swift in Sources */ = {isa = PBXBuildFile; fileRef = 43E8BF7027ECB16900D9CC50 /* LoginService.swift */; };
		43E8BF7527ECB17900D9CC50 /* LoginError.swift in Sources */ = {isa = PBXBuildFile; fileRef = 43E8BF7427ECB17900D9CC50 /* LoginError.swift */; };
		43E8BF7627ECB17900D9CC50 /* LoginError.swift in Sources */ = {isa = PBXBuildFile; fileRef = 43E8BF7427ECB17900D9CC50 /* LoginError.swift */; };
		43E8BF7727ECB17900D9CC50 /* LoginError.swift in Sources */ = {isa = PBXBuildFile; fileRef = 43E8BF7427ECB17900D9CC50 /* LoginError.swift */; };
		6601891C4A9B482DBE8ED4CF /* Pods_PetProject.framework in Frameworks */ = {isa = PBXBuildFile; fileRef = 2AAEE5640742A68045B91F6E /* Pods_PetProject.framework */; };
		7E3D1874577C1B306650BB86 /* Pods_PetProjectTests.framework in Frameworks */ = {isa = PBXBuildFile; fileRef = FCFD3A4A013CBC22927A2D6A /* Pods_PetProjectTests.framework */; };
/* End PBXBuildFile section */

/* Begin PBXContainerItemProxy section */
		4340640227EC6C210031CF24 /* PBXContainerItemProxy */ = {
			isa = PBXContainerItemProxy;
			containerPortal = 434063E327EC6C200031CF24 /* Project object */;
			proxyType = 1;
			remoteGlobalIDString = 434063EA27EC6C200031CF24;
			remoteInfo = PetProject;
		};
		4340640C27EC6C210031CF24 /* PBXContainerItemProxy */ = {
			isa = PBXContainerItemProxy;
			containerPortal = 434063E327EC6C200031CF24 /* Project object */;
			proxyType = 1;
			remoteGlobalIDString = 434063EA27EC6C200031CF24;
			remoteInfo = PetProject;
		};
/* End PBXContainerItemProxy section */

/* Begin PBXFileReference section */
		074EE40B1AE975F0C2EF1716 /* Pods-PetProject-PetProjectUITests.debug.xcconfig */ = {isa = PBXFileReference; includeInIndex = 1; lastKnownFileType = text.xcconfig; name = "Pods-PetProject-PetProjectUITests.debug.xcconfig"; path = "Target Support Files/Pods-PetProject-PetProjectUITests/Pods-PetProject-PetProjectUITests.debug.xcconfig"; sourceTree = "<group>"; };
		132201D039F79FEB5A69F1CA /* Pods_PetProject_PetProjectUITests.framework */ = {isa = PBXFileReference; explicitFileType = wrapper.framework; includeInIndex = 0; path = Pods_PetProject_PetProjectUITests.framework; sourceTree = BUILT_PRODUCTS_DIR; };
		2AAEE5640742A68045B91F6E /* Pods_PetProject.framework */ = {isa = PBXFileReference; explicitFileType = wrapper.framework; includeInIndex = 0; path = Pods_PetProject.framework; sourceTree = BUILT_PRODUCTS_DIR; };
		4338FCC627F3419C00310822 /* CheapSharkService.swift */ = {isa = PBXFileReference; lastKnownFileType = sourcecode.swift; path = CheapSharkService.swift; sourceTree = "<group>"; };
		4338FCCA27F3428F00310822 /* StoreModel.swift */ = {isa = PBXFileReference; lastKnownFileType = sourcecode.swift; path = StoreModel.swift; sourceTree = "<group>"; };
		4338FCCE27F46EC300310822 /* StoreCell.swift */ = {isa = PBXFileReference; lastKnownFileType = sourcecode.swift; path = StoreCell.swift; sourceTree = "<group>"; };
		434063EB27EC6C200031CF24 /* PetProject.app */ = {isa = PBXFileReference; explicitFileType = wrapper.application; includeInIndex = 0; path = PetProject.app; sourceTree = BUILT_PRODUCTS_DIR; };
		434063EE27EC6C200031CF24 /* AppDelegate.swift */ = {isa = PBXFileReference; lastKnownFileType = sourcecode.swift; path = AppDelegate.swift; sourceTree = "<group>"; };
		434063F227EC6C200031CF24 /* LoginViewController.swift */ = {isa = PBXFileReference; lastKnownFileType = sourcecode.swift; path = LoginViewController.swift; sourceTree = "<group>"; };
		434063F727EC6C210031CF24 /* Assets.xcassets */ = {isa = PBXFileReference; lastKnownFileType = folder.assetcatalog; path = Assets.xcassets; sourceTree = "<group>"; };
		434063FC27EC6C210031CF24 /* Info.plist */ = {isa = PBXFileReference; lastKnownFileType = text.plist.xml; path = Info.plist; sourceTree = "<group>"; };
		4340640127EC6C210031CF24 /* PetProjectTests.xctest */ = {isa = PBXFileReference; explicitFileType = wrapper.cfbundle; includeInIndex = 0; path = PetProjectTests.xctest; sourceTree = BUILT_PRODUCTS_DIR; };
		4340640527EC6C210031CF24 /* PetProjectTests.swift */ = {isa = PBXFileReference; lastKnownFileType = sourcecode.swift; path = PetProjectTests.swift; sourceTree = "<group>"; };
		4340640B27EC6C210031CF24 /* PetProjectUITests.xctest */ = {isa = PBXFileReference; explicitFileType = wrapper.cfbundle; includeInIndex = 0; path = PetProjectUITests.xctest; sourceTree = BUILT_PRODUCTS_DIR; };
		4340640F27EC6C210031CF24 /* PetProjectUITests.swift */ = {isa = PBXFileReference; lastKnownFileType = sourcecode.swift; path = PetProjectUITests.swift; sourceTree = "<group>"; };
		4340641127EC6C210031CF24 /* PetProjectUITestsLaunchTests.swift */ = {isa = PBXFileReference; lastKnownFileType = sourcecode.swift; path = PetProjectUITestsLaunchTests.swift; sourceTree = "<group>"; };
		4340641F27EC76200031CF24 /* AppCoordinator.swift */ = {isa = PBXFileReference; lastKnownFileType = sourcecode.swift; path = AppCoordinator.swift; sourceTree = "<group>"; };
		4340642527EC77450031CF24 /* UserModel.swift */ = {isa = PBXFileReference; lastKnownFileType = sourcecode.swift; path = UserModel.swift; sourceTree = "<group>"; };
		4340642B27EC7A540031CF24 /* Coordinator.swift */ = {isa = PBXFileReference; lastKnownFileType = sourcecode.swift; path = Coordinator.swift; sourceTree = "<group>"; };
		439E83A927EDBE72004065F5 /* MainScreenViewController.swift */ = {isa = PBXFileReference; lastKnownFileType = sourcecode.swift; path = MainScreenViewController.swift; sourceTree = "<group>"; };
		439E83AC27EDBF35004065F5 /* MainScreenViewModel.swift */ = {isa = PBXFileReference; lastKnownFileType = sourcecode.swift; path = MainScreenViewModel.swift; sourceTree = "<group>"; };
		43C0782527F1E6DE006A896C /* DependencyContainer.swift */ = {isa = PBXFileReference; lastKnownFileType = sourcecode.swift; path = DependencyContainer.swift; sourceTree = "<group>"; };
		43CC86F527F2E19700C1D94F /* en */ = {isa = PBXFileReference; lastKnownFileType = text.plist.strings; name = en; path = en.lproj/Localizable.strings; sourceTree = "<group>"; };
		43CC86F927F2E21600C1D94F /* StringExtensions.swift */ = {isa = PBXFileReference; lastKnownFileType = sourcecode.swift; path = StringExtensions.swift; sourceTree = "<group>"; };
		43E8BF5827EC866400D9CC50 /* LoginViewModel.swift */ = {isa = PBXFileReference; lastKnownFileType = sourcecode.swift; path = LoginViewModel.swift; sourceTree = "<group>"; };
		43E8BF5D27EC90E800D9CC50 /* NetworkService.swift */ = {isa = PBXFileReference; lastKnownFileType = sourcecode.swift; path = NetworkService.swift; sourceTree = "<group>"; };
		43E8BF6127EC919F00D9CC50 /* BorderedTextField.swift */ = {isa = PBXFileReference; lastKnownFileType = sourcecode.swift; path = BorderedTextField.swift; sourceTree = "<group>"; };
		43E8BF6627EC979700D9CC50 /* LoginFormView.swift */ = {isa = PBXFileReference; lastKnownFileType = sourcecode.swift; path = LoginFormView.swift; sourceTree = "<group>"; };
		43E8BF6A27EC981000D9CC50 /* SecuredBorderedTextField.swift */ = {isa = PBXFileReference; lastKnownFileType = sourcecode.swift; path = SecuredBorderedTextField.swift; sourceTree = "<group>"; };
		43E8BF7027ECB16900D9CC50 /* LoginService.swift */ = {isa = PBXFileReference; lastKnownFileType = sourcecode.swift; path = LoginService.swift; sourceTree = "<group>"; };
		43E8BF7427ECB17900D9CC50 /* LoginError.swift */ = {isa = PBXFileReference; lastKnownFileType = sourcecode.swift; path = LoginError.swift; sourceTree = "<group>"; };
		9EF345FABF5925CFFA577B01 /* Pods-PetProject-PetProjectUITests.release.xcconfig */ = {isa = PBXFileReference; includeInIndex = 1; lastKnownFileType = text.xcconfig; name = "Pods-PetProject-PetProjectUITests.release.xcconfig"; path = "Target Support Files/Pods-PetProject-PetProjectUITests/Pods-PetProject-PetProjectUITests.release.xcconfig"; sourceTree = "<group>"; };
		C57295155BEF5AC6C6279C30 /* Pods-PetProject.debug.xcconfig */ = {isa = PBXFileReference; includeInIndex = 1; lastKnownFileType = text.xcconfig; name = "Pods-PetProject.debug.xcconfig"; path = "Target Support Files/Pods-PetProject/Pods-PetProject.debug.xcconfig"; sourceTree = "<group>"; };
		C75215DCD0788AC996879054 /* Pods-PetProjectTests.debug.xcconfig */ = {isa = PBXFileReference; includeInIndex = 1; lastKnownFileType = text.xcconfig; name = "Pods-PetProjectTests.debug.xcconfig"; path = "Target Support Files/Pods-PetProjectTests/Pods-PetProjectTests.debug.xcconfig"; sourceTree = "<group>"; };
		D868DC1A4DC78DFF9D6CB801 /* Pods-PetProjectTests.release.xcconfig */ = {isa = PBXFileReference; includeInIndex = 1; lastKnownFileType = text.xcconfig; name = "Pods-PetProjectTests.release.xcconfig"; path = "Target Support Files/Pods-PetProjectTests/Pods-PetProjectTests.release.xcconfig"; sourceTree = "<group>"; };
		E75B1F5EAEDF81F60747E621 /* Pods-PetProject.release.xcconfig */ = {isa = PBXFileReference; includeInIndex = 1; lastKnownFileType = text.xcconfig; name = "Pods-PetProject.release.xcconfig"; path = "Target Support Files/Pods-PetProject/Pods-PetProject.release.xcconfig"; sourceTree = "<group>"; };
		FCFD3A4A013CBC22927A2D6A /* Pods_PetProjectTests.framework */ = {isa = PBXFileReference; explicitFileType = wrapper.framework; includeInIndex = 0; path = Pods_PetProjectTests.framework; sourceTree = BUILT_PRODUCTS_DIR; };
/* End PBXFileReference section */

/* Begin PBXFrameworksBuildPhase section */
		434063E827EC6C200031CF24 /* Frameworks */ = {
			isa = PBXFrameworksBuildPhase;
			buildActionMask = 2147483647;
			files = (
				6601891C4A9B482DBE8ED4CF /* Pods_PetProject.framework in Frameworks */,
			);
			runOnlyForDeploymentPostprocessing = 0;
		};
		434063FE27EC6C210031CF24 /* Frameworks */ = {
			isa = PBXFrameworksBuildPhase;
			buildActionMask = 2147483647;
			files = (
				7E3D1874577C1B306650BB86 /* Pods_PetProjectTests.framework in Frameworks */,
			);
			runOnlyForDeploymentPostprocessing = 0;
		};
		4340640827EC6C210031CF24 /* Frameworks */ = {
			isa = PBXFrameworksBuildPhase;
			buildActionMask = 2147483647;
			files = (
				26E21F7E83BAC7571A7E2A37 /* Pods_PetProject_PetProjectUITests.framework in Frameworks */,
			);
			runOnlyForDeploymentPostprocessing = 0;
		};
/* End PBXFrameworksBuildPhase section */

/* Begin PBXGroup section */
		4338FCC527F3417600310822 /* CheapSharkService */ = {
			isa = PBXGroup;
			children = (
				4338FCC627F3419C00310822 /* CheapSharkService.swift */,
			);
			path = CheapSharkService;
			sourceTree = "<group>";
		};
		434063E227EC6C200031CF24 = {
			isa = PBXGroup;
			children = (
				434063ED27EC6C200031CF24 /* PetProject */,
				4340640427EC6C210031CF24 /* PetProjectTests */,
				4340640E27EC6C210031CF24 /* PetProjectUITests */,
				434063EC27EC6C200031CF24 /* Products */,
				DCFC2D175C37173E71EC1073 /* Pods */,
				4B4B720161B5055674818C27 /* Frameworks */,
			);
			sourceTree = "<group>";
		};
		434063EC27EC6C200031CF24 /* Products */ = {
			isa = PBXGroup;
			children = (
				434063EB27EC6C200031CF24 /* PetProject.app */,
				4340640127EC6C210031CF24 /* PetProjectTests.xctest */,
				4340640B27EC6C210031CF24 /* PetProjectUITests.xctest */,
			);
			name = Products;
			sourceTree = "<group>";
		};
		434063ED27EC6C200031CF24 /* PetProject */ = {
			isa = PBXGroup;
			children = (
				43CC86F727F2E1C900C1D94F /* Extensions */,
				43CC86ED27F2DF3700C1D94F /* Sources */,
				43E8BF5C27EC90A900D9CC50 /* Services */,
				4340642927EC78D50031CF24 /* Coordinators */,
				4340642427EC76F70031CF24 /* ViewModels */,
				4340642327EC76EB0031CF24 /* Views */,
				4340642227EC76D10031CF24 /* Models */,
				434063EE27EC6C200031CF24 /* AppDelegate.swift */,
				434063F727EC6C210031CF24 /* Assets.xcassets */,
				434063FC27EC6C210031CF24 /* Info.plist */,
			);
			path = PetProject;
			sourceTree = "<group>";
		};
		4340640427EC6C210031CF24 /* PetProjectTests */ = {
			isa = PBXGroup;
			children = (
				4340640527EC6C210031CF24 /* PetProjectTests.swift */,
			);
			path = PetProjectTests;
			sourceTree = "<group>";
		};
		4340640E27EC6C210031CF24 /* PetProjectUITests */ = {
			isa = PBXGroup;
			children = (
				4340640F27EC6C210031CF24 /* PetProjectUITests.swift */,
				4340641127EC6C210031CF24 /* PetProjectUITestsLaunchTests.swift */,
			);
			path = PetProjectUITests;
			sourceTree = "<group>";
		};
		4340642227EC76D10031CF24 /* Models */ = {
			isa = PBXGroup;
			children = (
				4340642527EC77450031CF24 /* UserModel.swift */,
				4338FCCA27F3428F00310822 /* StoreModel.swift */,
			);
			path = Models;
			sourceTree = "<group>";
		};
		4340642327EC76EB0031CF24 /* Views */ = {
			isa = PBXGroup;
			children = (
				439E83A827EDBE40004065F5 /* MainScreen */,
				43E8BF6527EC974000D9CC50 /* LoginScreen */,
			);
			path = Views;
			sourceTree = "<group>";
		};
		4340642427EC76F70031CF24 /* ViewModels */ = {
			isa = PBXGroup;
			children = (
				43E8BF5827EC866400D9CC50 /* LoginViewModel.swift */,
				439E83AC27EDBF35004065F5 /* MainScreenViewModel.swift */,
			);
			path = ViewModels;
			sourceTree = "<group>";
		};
		4340642927EC78D50031CF24 /* Coordinators */ = {
			isa = PBXGroup;
			children = (
				4340642A27EC7A3A0031CF24 /* Protocols */,
				4340641F27EC76200031CF24 /* AppCoordinator.swift */,
			);
			path = Coordinators;
			sourceTree = "<group>";
		};
		4340642A27EC7A3A0031CF24 /* Protocols */ = {
			isa = PBXGroup;
			children = (
				4340642B27EC7A540031CF24 /* Coordinator.swift */,
			);
			path = Protocols;
			sourceTree = "<group>";
		};
		439E83A827EDBE40004065F5 /* MainScreen */ = {
			isa = PBXGroup;
			children = (
				439E83A927EDBE72004065F5 /* MainScreenViewController.swift */,
				4338FCCE27F46EC300310822 /* StoreCell.swift */,
			);
			path = MainScreen;
			sourceTree = "<group>";
		};
		43CC86ED27F2DF3700C1D94F /* Sources */ = {
			isa = PBXGroup;
			children = (
				43CC86F627F2E19700C1D94F /* Localizable.strings */,
			);
			path = Sources;
			sourceTree = "<group>";
		};
		43CC86F727F2E1C900C1D94F /* Extensions */ = {
			isa = PBXGroup;
			children = (
				43CC86F827F2E1CF00C1D94F /* Foundation */,
			);
			path = Extensions;
			sourceTree = "<group>";
		};
		43CC86F827F2E1CF00C1D94F /* Foundation */ = {
			isa = PBXGroup;
			children = (
				43CC86F927F2E21600C1D94F /* StringExtensions.swift */,
			);
			path = Foundation;
			sourceTree = "<group>";
		};
		43E8BF5C27EC90A900D9CC50 /* Services */ = {
			isa = PBXGroup;
			children = (
				4338FCC527F3417600310822 /* CheapSharkService */,
				43E8BF6F27ECB15300D9CC50 /* LoginService */,
				43E8BF5D27EC90E800D9CC50 /* NetworkService.swift */,
				43C0782527F1E6DE006A896C /* DependencyContainer.swift */,
			);
			path = Services;
			sourceTree = "<group>";
		};
		43E8BF6527EC974000D9CC50 /* LoginScreen */ = {
			isa = PBXGroup;
			children = (
				43E8BF6E27EC981600D9CC50 /* TextFields */,
				434063F227EC6C200031CF24 /* LoginViewController.swift */,
				43E8BF6627EC979700D9CC50 /* LoginFormView.swift */,
			);
			path = LoginScreen;
			sourceTree = "<group>";
		};
		43E8BF6E27EC981600D9CC50 /* TextFields */ = {
			isa = PBXGroup;
			children = (
				43E8BF6127EC919F00D9CC50 /* BorderedTextField.swift */,
				43E8BF6A27EC981000D9CC50 /* SecuredBorderedTextField.swift */,
			);
			path = TextFields;
			sourceTree = "<group>";
		};
		43E8BF6F27ECB15300D9CC50 /* LoginService */ = {
			isa = PBXGroup;
			children = (
				43E8BF7027ECB16900D9CC50 /* LoginService.swift */,
				43E8BF7427ECB17900D9CC50 /* LoginError.swift */,
			);
			path = LoginService;
			sourceTree = "<group>";
		};
		4B4B720161B5055674818C27 /* Frameworks */ = {
			isa = PBXGroup;
			children = (
				2AAEE5640742A68045B91F6E /* Pods_PetProject.framework */,
				132201D039F79FEB5A69F1CA /* Pods_PetProject_PetProjectUITests.framework */,
				FCFD3A4A013CBC22927A2D6A /* Pods_PetProjectTests.framework */,
			);
			name = Frameworks;
			sourceTree = "<group>";
		};
		DCFC2D175C37173E71EC1073 /* Pods */ = {
			isa = PBXGroup;
			children = (
				C57295155BEF5AC6C6279C30 /* Pods-PetProject.debug.xcconfig */,
				E75B1F5EAEDF81F60747E621 /* Pods-PetProject.release.xcconfig */,
				074EE40B1AE975F0C2EF1716 /* Pods-PetProject-PetProjectUITests.debug.xcconfig */,
				9EF345FABF5925CFFA577B01 /* Pods-PetProject-PetProjectUITests.release.xcconfig */,
				C75215DCD0788AC996879054 /* Pods-PetProjectTests.debug.xcconfig */,
				D868DC1A4DC78DFF9D6CB801 /* Pods-PetProjectTests.release.xcconfig */,
			);
			path = Pods;
			sourceTree = "<group>";
		};
/* End PBXGroup section */

/* Begin PBXNativeTarget section */
		434063EA27EC6C200031CF24 /* PetProject */ = {
			isa = PBXNativeTarget;
			buildConfigurationList = 4340641527EC6C210031CF24 /* Build configuration list for PBXNativeTarget "PetProject" */;
			buildPhases = (
				4250D09C10A224837D3B5EF1 /* [CP] Check Pods Manifest.lock */,
				434063E727EC6C200031CF24 /* Sources */,
				434063E827EC6C200031CF24 /* Frameworks */,
				434063E927EC6C200031CF24 /* Resources */,
				FEEEC21BDD5D423E1879DCAF /* [CP] Embed Pods Frameworks */,
			);
			buildRules = (
			);
			dependencies = (
			);
			name = PetProject;
			productName = PetProject;
			productReference = 434063EB27EC6C200031CF24 /* PetProject.app */;
			productType = "com.apple.product-type.application";
		};
		4340640027EC6C210031CF24 /* PetProjectTests */ = {
			isa = PBXNativeTarget;
			buildConfigurationList = 4340641827EC6C210031CF24 /* Build configuration list for PBXNativeTarget "PetProjectTests" */;
			buildPhases = (
				3D94F82F4E4EF23D2F0842C8 /* [CP] Check Pods Manifest.lock */,
				434063FD27EC6C210031CF24 /* Sources */,
				434063FE27EC6C210031CF24 /* Frameworks */,
				434063FF27EC6C210031CF24 /* Resources */,
			);
			buildRules = (
			);
			dependencies = (
				4340640327EC6C210031CF24 /* PBXTargetDependency */,
			);
			name = PetProjectTests;
			productName = PetProjectTests;
			productReference = 4340640127EC6C210031CF24 /* PetProjectTests.xctest */;
			productType = "com.apple.product-type.bundle.unit-test";
		};
		4340640A27EC6C210031CF24 /* PetProjectUITests */ = {
			isa = PBXNativeTarget;
			buildConfigurationList = 4340641B27EC6C210031CF24 /* Build configuration list for PBXNativeTarget "PetProjectUITests" */;
			buildPhases = (
				7E1D205565E1585007EC0192 /* [CP] Check Pods Manifest.lock */,
				4340640727EC6C210031CF24 /* Sources */,
				4340640827EC6C210031CF24 /* Frameworks */,
				4340640927EC6C210031CF24 /* Resources */,
				B79B182F74BBE0CBEFF6FCB8 /* [CP] Embed Pods Frameworks */,
			);
			buildRules = (
			);
			dependencies = (
				4340640D27EC6C210031CF24 /* PBXTargetDependency */,
			);
			name = PetProjectUITests;
			productName = PetProjectUITests;
			productReference = 4340640B27EC6C210031CF24 /* PetProjectUITests.xctest */;
			productType = "com.apple.product-type.bundle.ui-testing";
		};
/* End PBXNativeTarget section */

/* Begin PBXProject section */
		434063E327EC6C200031CF24 /* Project object */ = {
			isa = PBXProject;
			attributes = {
				BuildIndependentTargetsInParallel = 1;
				LastSwiftUpdateCheck = 1330;
				LastUpgradeCheck = 1330;
				TargetAttributes = {
					434063EA27EC6C200031CF24 = {
						CreatedOnToolsVersion = 13.3;
					};
					4340640027EC6C210031CF24 = {
						CreatedOnToolsVersion = 13.3;
						TestTargetID = 434063EA27EC6C200031CF24;
					};
					4340640A27EC6C210031CF24 = {
						CreatedOnToolsVersion = 13.3;
						TestTargetID = 434063EA27EC6C200031CF24;
					};
				};
			};
			buildConfigurationList = 434063E627EC6C200031CF24 /* Build configuration list for PBXProject "PetProject" */;
			compatibilityVersion = "Xcode 13.0";
			developmentRegion = en;
			hasScannedForEncodings = 0;
			knownRegions = (
				en,
				Base,
			);
			mainGroup = 434063E227EC6C200031CF24;
			productRefGroup = 434063EC27EC6C200031CF24 /* Products */;
			projectDirPath = "";
			projectRoot = "";
			targets = (
				434063EA27EC6C200031CF24 /* PetProject */,
				4340640027EC6C210031CF24 /* PetProjectTests */,
				4340640A27EC6C210031CF24 /* PetProjectUITests */,
			);
		};
/* End PBXProject section */

/* Begin PBXResourcesBuildPhase section */
		434063E927EC6C200031CF24 /* Resources */ = {
			isa = PBXResourcesBuildPhase;
			buildActionMask = 2147483647;
			files = (
				434063F827EC6C210031CF24 /* Assets.xcassets in Resources */,
				43CC86F227F2E19700C1D94F /* Localizable.strings in Resources */,
			);
			runOnlyForDeploymentPostprocessing = 0;
		};
		434063FF27EC6C210031CF24 /* Resources */ = {
			isa = PBXResourcesBuildPhase;
			buildActionMask = 2147483647;
			files = (
				43CC86F327F2E19700C1D94F /* Localizable.strings in Resources */,
			);
			runOnlyForDeploymentPostprocessing = 0;
		};
		4340640927EC6C210031CF24 /* Resources */ = {
			isa = PBXResourcesBuildPhase;
			buildActionMask = 2147483647;
			files = (
				43CC86F427F2E19700C1D94F /* Localizable.strings in Resources */,
			);
			runOnlyForDeploymentPostprocessing = 0;
		};
/* End PBXResourcesBuildPhase section */

/* Begin PBXShellScriptBuildPhase section */
		3D94F82F4E4EF23D2F0842C8 /* [CP] Check Pods Manifest.lock */ = {
			isa = PBXShellScriptBuildPhase;
			buildActionMask = 2147483647;
			files = (
			);
			inputFileListPaths = (
			);
			inputPaths = (
				"${PODS_PODFILE_DIR_PATH}/Podfile.lock",
				"${PODS_ROOT}/Manifest.lock",
			);
			name = "[CP] Check Pods Manifest.lock";
			outputFileListPaths = (
			);
			outputPaths = (
				"$(DERIVED_FILE_DIR)/Pods-PetProjectTests-checkManifestLockResult.txt",
			);
			runOnlyForDeploymentPostprocessing = 0;
			shellPath = /bin/sh;
			shellScript = "diff \"${PODS_PODFILE_DIR_PATH}/Podfile.lock\" \"${PODS_ROOT}/Manifest.lock\" > /dev/null\nif [ $? != 0 ] ; then\n    # print error to STDERR\n    echo \"error: The sandbox is not in sync with the Podfile.lock. Run 'pod install' or update your CocoaPods installation.\" >&2\n    exit 1\nfi\n# This output is used by Xcode 'outputs' to avoid re-running this script phase.\necho \"SUCCESS\" > \"${SCRIPT_OUTPUT_FILE_0}\"\n";
			showEnvVarsInLog = 0;
		};
		4250D09C10A224837D3B5EF1 /* [CP] Check Pods Manifest.lock */ = {
			isa = PBXShellScriptBuildPhase;
			buildActionMask = 2147483647;
			files = (
			);
			inputFileListPaths = (
			);
			inputPaths = (
				"${PODS_PODFILE_DIR_PATH}/Podfile.lock",
				"${PODS_ROOT}/Manifest.lock",
			);
			name = "[CP] Check Pods Manifest.lock";
			outputFileListPaths = (
			);
			outputPaths = (
				"$(DERIVED_FILE_DIR)/Pods-PetProject-checkManifestLockResult.txt",
			);
			runOnlyForDeploymentPostprocessing = 0;
			shellPath = /bin/sh;
			shellScript = "diff \"${PODS_PODFILE_DIR_PATH}/Podfile.lock\" \"${PODS_ROOT}/Manifest.lock\" > /dev/null\nif [ $? != 0 ] ; then\n    # print error to STDERR\n    echo \"error: The sandbox is not in sync with the Podfile.lock. Run 'pod install' or update your CocoaPods installation.\" >&2\n    exit 1\nfi\n# This output is used by Xcode 'outputs' to avoid re-running this script phase.\necho \"SUCCESS\" > \"${SCRIPT_OUTPUT_FILE_0}\"\n";
			showEnvVarsInLog = 0;
		};
		7E1D205565E1585007EC0192 /* [CP] Check Pods Manifest.lock */ = {
			isa = PBXShellScriptBuildPhase;
			buildActionMask = 2147483647;
			files = (
			);
			inputFileListPaths = (
			);
			inputPaths = (
				"${PODS_PODFILE_DIR_PATH}/Podfile.lock",
				"${PODS_ROOT}/Manifest.lock",
			);
			name = "[CP] Check Pods Manifest.lock";
			outputFileListPaths = (
			);
			outputPaths = (
				"$(DERIVED_FILE_DIR)/Pods-PetProject-PetProjectUITests-checkManifestLockResult.txt",
			);
			runOnlyForDeploymentPostprocessing = 0;
			shellPath = /bin/sh;
			shellScript = "diff \"${PODS_PODFILE_DIR_PATH}/Podfile.lock\" \"${PODS_ROOT}/Manifest.lock\" > /dev/null\nif [ $? != 0 ] ; then\n    # print error to STDERR\n    echo \"error: The sandbox is not in sync with the Podfile.lock. Run 'pod install' or update your CocoaPods installation.\" >&2\n    exit 1\nfi\n# This output is used by Xcode 'outputs' to avoid re-running this script phase.\necho \"SUCCESS\" > \"${SCRIPT_OUTPUT_FILE_0}\"\n";
			showEnvVarsInLog = 0;
		};
		B79B182F74BBE0CBEFF6FCB8 /* [CP] Embed Pods Frameworks */ = {
			isa = PBXShellScriptBuildPhase;
			buildActionMask = 2147483647;
			files = (
			);
			inputFileListPaths = (
				"${PODS_ROOT}/Target Support Files/Pods-PetProject-PetProjectUITests/Pods-PetProject-PetProjectUITests-frameworks-${CONFIGURATION}-input-files.xcfilelist",
			);
			name = "[CP] Embed Pods Frameworks";
			outputFileListPaths = (
				"${PODS_ROOT}/Target Support Files/Pods-PetProject-PetProjectUITests/Pods-PetProject-PetProjectUITests-frameworks-${CONFIGURATION}-output-files.xcfilelist",
			);
			runOnlyForDeploymentPostprocessing = 0;
			shellPath = /bin/sh;
			shellScript = "\"${PODS_ROOT}/Target Support Files/Pods-PetProject-PetProjectUITests/Pods-PetProject-PetProjectUITests-frameworks.sh\"\n";
			showEnvVarsInLog = 0;
		};
		FEEEC21BDD5D423E1879DCAF /* [CP] Embed Pods Frameworks */ = {
			isa = PBXShellScriptBuildPhase;
			buildActionMask = 2147483647;
			files = (
			);
			inputFileListPaths = (
				"${PODS_ROOT}/Target Support Files/Pods-PetProject/Pods-PetProject-frameworks-${CONFIGURATION}-input-files.xcfilelist",
			);
			name = "[CP] Embed Pods Frameworks";
			outputFileListPaths = (
				"${PODS_ROOT}/Target Support Files/Pods-PetProject/Pods-PetProject-frameworks-${CONFIGURATION}-output-files.xcfilelist",
			);
			runOnlyForDeploymentPostprocessing = 0;
			shellPath = /bin/sh;
			shellScript = "\"${PODS_ROOT}/Target Support Files/Pods-PetProject/Pods-PetProject-frameworks.sh\"\n";
			showEnvVarsInLog = 0;
		};
/* End PBXShellScriptBuildPhase section */

/* Begin PBXSourcesBuildPhase section */
		434063E727EC6C200031CF24 /* Sources */ = {
			isa = PBXSourcesBuildPhase;
			buildActionMask = 2147483647;
			files = (
				43E8BF6B27EC981000D9CC50 /* SecuredBorderedTextField.swift in Sources */,
				43C0782627F1E6DE006A896C /* DependencyContainer.swift in Sources */,
				439E83AD27EDBF36004065F5 /* MainScreenViewModel.swift in Sources */,
				439E83AA27EDBE72004065F5 /* MainScreenViewController.swift in Sources */,
				4340642027EC76200031CF24 /* AppCoordinator.swift in Sources */,
				43E8BF7527ECB17900D9CC50 /* LoginError.swift in Sources */,
				43E8BF6227EC919F00D9CC50 /* BorderedTextField.swift in Sources */,
				434063F327EC6C200031CF24 /* LoginViewController.swift in Sources */,
				43CC86FA27F2E21600C1D94F /* StringExtensions.swift in Sources */,
				4338FCC727F3419C00310822 /* CheapSharkService.swift in Sources */,
				43E8BF5927EC866400D9CC50 /* LoginViewModel.swift in Sources */,
				4338FCCB27F3428F00310822 /* StoreModel.swift in Sources */,
				4340642C27EC7A540031CF24 /* Coordinator.swift in Sources */,
				43E8BF7127ECB16900D9CC50 /* LoginService.swift in Sources */,
				43E8BF6727EC979700D9CC50 /* LoginFormView.swift in Sources */,
				434063EF27EC6C200031CF24 /* AppDelegate.swift in Sources */,
				4340642627EC77450031CF24 /* UserModel.swift in Sources */,
				4338FCCF27F46EC300310822 /* StoreCell.swift in Sources */,
				43E8BF5E27EC90E800D9CC50 /* NetworkService.swift in Sources */,
			);
			runOnlyForDeploymentPostprocessing = 0;
		};
		434063FD27EC6C210031CF24 /* Sources */ = {
			isa = PBXSourcesBuildPhase;
			buildActionMask = 2147483647;
			files = (
				43E8BF5F27EC90E800D9CC50 /* NetworkService.swift in Sources */,
				439E83AE27EDBF36004065F5 /* MainScreenViewModel.swift in Sources */,
				43E8BF5A27EC866400D9CC50 /* LoginViewModel.swift in Sources */,
				43E8BF7627ECB17900D9CC50 /* LoginError.swift in Sources */,
				4340642727EC77450031CF24 /* UserModel.swift in Sources */,
				43E8BF6827EC979700D9CC50 /* LoginFormView.swift in Sources */,
				43E8BF7227ECB16900D9CC50 /* LoginService.swift in Sources */,
				4338FCD027F46EC300310822 /* StoreCell.swift in Sources */,
				43E8BF6327EC919F00D9CC50 /* BorderedTextField.swift in Sources */,
				4340640627EC6C210031CF24 /* PetProjectTests.swift in Sources */,
				43E8BF6C27EC981000D9CC50 /* SecuredBorderedTextField.swift in Sources */,
				43C0782727F1E6DE006A896C /* DependencyContainer.swift in Sources */,
				4338FCC827F3419C00310822 /* CheapSharkService.swift in Sources */,
				43CC86FB27F2E21600C1D94F /* StringExtensions.swift in Sources */,
				4340642D27EC7A540031CF24 /* Coordinator.swift in Sources */,
				4338FCCC27F3428F00310822 /* StoreModel.swift in Sources */,
			);
			runOnlyForDeploymentPostprocessing = 0;
		};
		4340640727EC6C210031CF24 /* Sources */ = {
			isa = PBXSourcesBuildPhase;
			buildActionMask = 2147483647;
			files = (
				43E8BF6D27EC981000D9CC50 /* SecuredBorderedTextField.swift in Sources */,
				43C0782827F1E6DE006A896C /* DependencyContainer.swift in Sources */,
				439E83AF27EDBF36004065F5 /* MainScreenViewModel.swift in Sources */,
				439E83AB27EDBE72004065F5 /* MainScreenViewController.swift in Sources */,
				4340641227EC6C210031CF24 /* PetProjectUITestsLaunchTests.swift in Sources */,
				43E8BF7727ECB17900D9CC50 /* LoginError.swift in Sources */,
				43E8BF6427EC919F00D9CC50 /* BorderedTextField.swift in Sources */,
				4340641027EC6C210031CF24 /* PetProjectUITests.swift in Sources */,
				43CC86FC27F2E21600C1D94F /* StringExtensions.swift in Sources */,
				4338FCC927F3419C00310822 /* CheapSharkService.swift in Sources */,
				43E8BF5B27EC866400D9CC50 /* LoginViewModel.swift in Sources */,
				4338FCCD27F3428F00310822 /* StoreModel.swift in Sources */,
				4340642E27EC7A540031CF24 /* Coordinator.swift in Sources */,
				43E8BF7327ECB16900D9CC50 /* LoginService.swift in Sources */,
				43E8BF6927EC979700D9CC50 /* LoginFormView.swift in Sources */,
				4340642827EC77450031CF24 /* UserModel.swift in Sources */,
				4340642127EC76200031CF24 /* AppCoordinator.swift in Sources */,
				4338FCD127F46EC300310822 /* StoreCell.swift in Sources */,
				43E8BF6027EC90E800D9CC50 /* NetworkService.swift in Sources */,
			);
			runOnlyForDeploymentPostprocessing = 0;
		};
/* End PBXSourcesBuildPhase section */

/* Begin PBXTargetDependency section */
		4340640327EC6C210031CF24 /* PBXTargetDependency */ = {
			isa = PBXTargetDependency;
			target = 434063EA27EC6C200031CF24 /* PetProject */;
			targetProxy = 4340640227EC6C210031CF24 /* PBXContainerItemProxy */;
		};
		4340640D27EC6C210031CF24 /* PBXTargetDependency */ = {
			isa = PBXTargetDependency;
			target = 434063EA27EC6C200031CF24 /* PetProject */;
			targetProxy = 4340640C27EC6C210031CF24 /* PBXContainerItemProxy */;
		};
/* End PBXTargetDependency section */

/* Begin PBXVariantGroup section */
		43CC86F627F2E19700C1D94F /* Localizable.strings */ = {
			isa = PBXVariantGroup;
			children = (
				43CC86F527F2E19700C1D94F /* en */,
			);
			name = Localizable.strings;
			sourceTree = "<group>";
		};
/* End PBXVariantGroup section */

/* Begin XCBuildConfiguration section */
		4340641327EC6C210031CF24 /* Debug */ = {
			isa = XCBuildConfiguration;
			buildSettings = {
				ALWAYS_SEARCH_USER_PATHS = NO;
				CLANG_ANALYZER_NONNULL = YES;
				CLANG_ANALYZER_NUMBER_OBJECT_CONVERSION = YES_AGGRESSIVE;
				CLANG_CXX_LANGUAGE_STANDARD = "gnu++17";
				CLANG_ENABLE_MODULES = YES;
				CLANG_ENABLE_OBJC_ARC = YES;
				CLANG_ENABLE_OBJC_WEAK = YES;
				CLANG_WARN_BLOCK_CAPTURE_AUTORELEASING = YES;
				CLANG_WARN_BOOL_CONVERSION = YES;
				CLANG_WARN_COMMA = YES;
				CLANG_WARN_CONSTANT_CONVERSION = YES;
				CLANG_WARN_DEPRECATED_OBJC_IMPLEMENTATIONS = YES;
				CLANG_WARN_DIRECT_OBJC_ISA_USAGE = YES_ERROR;
				CLANG_WARN_DOCUMENTATION_COMMENTS = YES;
				CLANG_WARN_EMPTY_BODY = YES;
				CLANG_WARN_ENUM_CONVERSION = YES;
				CLANG_WARN_INFINITE_RECURSION = YES;
				CLANG_WARN_INT_CONVERSION = YES;
				CLANG_WARN_NON_LITERAL_NULL_CONVERSION = YES;
				CLANG_WARN_OBJC_IMPLICIT_RETAIN_SELF = YES;
				CLANG_WARN_OBJC_LITERAL_CONVERSION = YES;
				CLANG_WARN_OBJC_ROOT_CLASS = YES_ERROR;
				CLANG_WARN_QUOTED_INCLUDE_IN_FRAMEWORK_HEADER = YES;
				CLANG_WARN_RANGE_LOOP_ANALYSIS = YES;
				CLANG_WARN_STRICT_PROTOTYPES = YES;
				CLANG_WARN_SUSPICIOUS_MOVE = YES;
				CLANG_WARN_UNGUARDED_AVAILABILITY = YES_AGGRESSIVE;
				CLANG_WARN_UNREACHABLE_CODE = YES;
				CLANG_WARN__DUPLICATE_METHOD_MATCH = YES;
				COPY_PHASE_STRIP = NO;
				DEBUG_INFORMATION_FORMAT = dwarf;
				ENABLE_STRICT_OBJC_MSGSEND = YES;
				ENABLE_TESTABILITY = YES;
				GCC_C_LANGUAGE_STANDARD = gnu11;
				GCC_DYNAMIC_NO_PIC = NO;
				GCC_NO_COMMON_BLOCKS = YES;
				GCC_OPTIMIZATION_LEVEL = 0;
				GCC_PREPROCESSOR_DEFINITIONS = (
					"DEBUG=1",
					"$(inherited)",
				);
				GCC_WARN_64_TO_32_BIT_CONVERSION = YES;
				GCC_WARN_ABOUT_RETURN_TYPE = YES_ERROR;
				GCC_WARN_UNDECLARED_SELECTOR = YES;
				GCC_WARN_UNINITIALIZED_AUTOS = YES_AGGRESSIVE;
				GCC_WARN_UNUSED_FUNCTION = YES;
				GCC_WARN_UNUSED_VARIABLE = YES;
				IPHONEOS_DEPLOYMENT_TARGET = 14.0;
				MTL_ENABLE_DEBUG_INFO = INCLUDE_SOURCE;
				MTL_FAST_MATH = YES;
				ONLY_ACTIVE_ARCH = YES;
				SDKROOT = iphoneos;
				SWIFT_ACTIVE_COMPILATION_CONDITIONS = DEBUG;
				SWIFT_OPTIMIZATION_LEVEL = "-Onone";
			};
			name = Debug;
		};
		4340641427EC6C210031CF24 /* Release */ = {
			isa = XCBuildConfiguration;
			buildSettings = {
				ALWAYS_SEARCH_USER_PATHS = NO;
				CLANG_ANALYZER_NONNULL = YES;
				CLANG_ANALYZER_NUMBER_OBJECT_CONVERSION = YES_AGGRESSIVE;
				CLANG_CXX_LANGUAGE_STANDARD = "gnu++17";
				CLANG_ENABLE_MODULES = YES;
				CLANG_ENABLE_OBJC_ARC = YES;
				CLANG_ENABLE_OBJC_WEAK = YES;
				CLANG_WARN_BLOCK_CAPTURE_AUTORELEASING = YES;
				CLANG_WARN_BOOL_CONVERSION = YES;
				CLANG_WARN_COMMA = YES;
				CLANG_WARN_CONSTANT_CONVERSION = YES;
				CLANG_WARN_DEPRECATED_OBJC_IMPLEMENTATIONS = YES;
				CLANG_WARN_DIRECT_OBJC_ISA_USAGE = YES_ERROR;
				CLANG_WARN_DOCUMENTATION_COMMENTS = YES;
				CLANG_WARN_EMPTY_BODY = YES;
				CLANG_WARN_ENUM_CONVERSION = YES;
				CLANG_WARN_INFINITE_RECURSION = YES;
				CLANG_WARN_INT_CONVERSION = YES;
				CLANG_WARN_NON_LITERAL_NULL_CONVERSION = YES;
				CLANG_WARN_OBJC_IMPLICIT_RETAIN_SELF = YES;
				CLANG_WARN_OBJC_LITERAL_CONVERSION = YES;
				CLANG_WARN_OBJC_ROOT_CLASS = YES_ERROR;
				CLANG_WARN_QUOTED_INCLUDE_IN_FRAMEWORK_HEADER = YES;
				CLANG_WARN_RANGE_LOOP_ANALYSIS = YES;
				CLANG_WARN_STRICT_PROTOTYPES = YES;
				CLANG_WARN_SUSPICIOUS_MOVE = YES;
				CLANG_WARN_UNGUARDED_AVAILABILITY = YES_AGGRESSIVE;
				CLANG_WARN_UNREACHABLE_CODE = YES;
				CLANG_WARN__DUPLICATE_METHOD_MATCH = YES;
				COPY_PHASE_STRIP = NO;
				DEBUG_INFORMATION_FORMAT = "dwarf-with-dsym";
				ENABLE_NS_ASSERTIONS = NO;
				ENABLE_STRICT_OBJC_MSGSEND = YES;
				GCC_C_LANGUAGE_STANDARD = gnu11;
				GCC_NO_COMMON_BLOCKS = YES;
				GCC_WARN_64_TO_32_BIT_CONVERSION = YES;
				GCC_WARN_ABOUT_RETURN_TYPE = YES_ERROR;
				GCC_WARN_UNDECLARED_SELECTOR = YES;
				GCC_WARN_UNINITIALIZED_AUTOS = YES_AGGRESSIVE;
				GCC_WARN_UNUSED_FUNCTION = YES;
				GCC_WARN_UNUSED_VARIABLE = YES;
				IPHONEOS_DEPLOYMENT_TARGET = 14.0;
				MTL_ENABLE_DEBUG_INFO = NO;
				MTL_FAST_MATH = YES;
				SDKROOT = iphoneos;
				SWIFT_COMPILATION_MODE = wholemodule;
				SWIFT_OPTIMIZATION_LEVEL = "-O";
				VALIDATE_PRODUCT = YES;
			};
			name = Release;
		};
		4340641627EC6C210031CF24 /* Debug */ = {
			isa = XCBuildConfiguration;
			baseConfigurationReference = C57295155BEF5AC6C6279C30 /* Pods-PetProject.debug.xcconfig */;
			buildSettings = {
				ASSETCATALOG_COMPILER_APPICON_NAME = AppIcon;
				ASSETCATALOG_COMPILER_GLOBAL_ACCENT_COLOR_NAME = AccentColor;
				CODE_SIGN_STYLE = Automatic;
				CURRENT_PROJECT_VERSION = 1;
				DEVELOPMENT_TEAM = JSY8H6LPZF;
				GENERATE_INFOPLIST_FILE = YES;
				INFOPLIST_FILE = PetProject/Info.plist;
				INFOPLIST_KEY_UIApplicationSupportsIndirectInputEvents = YES;
				INFOPLIST_KEY_UILaunchStoryboardName = LaunchScreen;
				INFOPLIST_KEY_UISupportedInterfaceOrientations_iPad = "UIInterfaceOrientationPortrait UIInterfaceOrientationPortraitUpsideDown UIInterfaceOrientationLandscapeLeft UIInterfaceOrientationLandscapeRight";
				INFOPLIST_KEY_UISupportedInterfaceOrientations_iPhone = "UIInterfaceOrientationPortrait UIInterfaceOrientationLandscapeLeft UIInterfaceOrientationLandscapeRight";
				LD_RUNPATH_SEARCH_PATHS = (
					"$(inherited)",
					"@executable_path/Frameworks",
				);
				MARKETING_VERSION = 1.0;
				PRODUCT_BUNDLE_IDENTIFIER = TL.PetProject;
				PRODUCT_NAME = "$(TARGET_NAME)";
				SWIFT_EMIT_LOC_STRINGS = YES;
				SWIFT_VERSION = 5.0;
				TARGETED_DEVICE_FAMILY = "1,2";
			};
			name = Debug;
		};
		4340641727EC6C210031CF24 /* Release */ = {
			isa = XCBuildConfiguration;
			baseConfigurationReference = E75B1F5EAEDF81F60747E621 /* Pods-PetProject.release.xcconfig */;
			buildSettings = {
				ASSETCATALOG_COMPILER_APPICON_NAME = AppIcon;
				ASSETCATALOG_COMPILER_GLOBAL_ACCENT_COLOR_NAME = AccentColor;
				CODE_SIGN_STYLE = Automatic;
				CURRENT_PROJECT_VERSION = 1;
				DEVELOPMENT_TEAM = JSY8H6LPZF;
				GENERATE_INFOPLIST_FILE = YES;
				INFOPLIST_FILE = PetProject/Info.plist;
				INFOPLIST_KEY_UIApplicationSupportsIndirectInputEvents = YES;
				INFOPLIST_KEY_UILaunchStoryboardName = LaunchScreen;
				INFOPLIST_KEY_UISupportedInterfaceOrientations_iPad = "UIInterfaceOrientationPortrait UIInterfaceOrientationPortraitUpsideDown UIInterfaceOrientationLandscapeLeft UIInterfaceOrientationLandscapeRight";
				INFOPLIST_KEY_UISupportedInterfaceOrientations_iPhone = "UIInterfaceOrientationPortrait UIInterfaceOrientationLandscapeLeft UIInterfaceOrientationLandscapeRight";
				LD_RUNPATH_SEARCH_PATHS = (
					"$(inherited)",
					"@executable_path/Frameworks",
				);
				MARKETING_VERSION = 1.0;
				PRODUCT_BUNDLE_IDENTIFIER = TL.PetProject;
				PRODUCT_NAME = "$(TARGET_NAME)";
				SWIFT_EMIT_LOC_STRINGS = YES;
				SWIFT_VERSION = 5.0;
				TARGETED_DEVICE_FAMILY = "1,2";
			};
			name = Release;
		};
		4340641927EC6C210031CF24 /* Debug */ = {
			isa = XCBuildConfiguration;
			baseConfigurationReference = C75215DCD0788AC996879054 /* Pods-PetProjectTests.debug.xcconfig */;
			buildSettings = {
				ALWAYS_EMBED_SWIFT_STANDARD_LIBRARIES = YES;
				BUNDLE_LOADER = "$(TEST_HOST)";
				CODE_SIGN_STYLE = Automatic;
				CURRENT_PROJECT_VERSION = 1;
				DEVELOPMENT_TEAM = JSY8H6LPZF;
				GENERATE_INFOPLIST_FILE = YES;
				IPHONEOS_DEPLOYMENT_TARGET = 15.4;
				MARKETING_VERSION = 1.0;
				PRODUCT_BUNDLE_IDENTIFIER = TL.PetProjectTests;
				PRODUCT_NAME = "$(TARGET_NAME)";
				SWIFT_EMIT_LOC_STRINGS = NO;
				SWIFT_VERSION = 5.0;
				TARGETED_DEVICE_FAMILY = "1,2";
				TEST_HOST = "$(BUILT_PRODUCTS_DIR)/PetProject.app/PetProject";
			};
			name = Debug;
		};
		4340641A27EC6C210031CF24 /* Release */ = {
			isa = XCBuildConfiguration;
			baseConfigurationReference = D868DC1A4DC78DFF9D6CB801 /* Pods-PetProjectTests.release.xcconfig */;
			buildSettings = {
				ALWAYS_EMBED_SWIFT_STANDARD_LIBRARIES = YES;
				BUNDLE_LOADER = "$(TEST_HOST)";
				CODE_SIGN_STYLE = Automatic;
				CURRENT_PROJECT_VERSION = 1;
				DEVELOPMENT_TEAM = JSY8H6LPZF;
				GENERATE_INFOPLIST_FILE = YES;
				IPHONEOS_DEPLOYMENT_TARGET = 15.4;
				MARKETING_VERSION = 1.0;
				PRODUCT_BUNDLE_IDENTIFIER = TL.PetProjectTests;
				PRODUCT_NAME = "$(TARGET_NAME)";
				SWIFT_EMIT_LOC_STRINGS = NO;
				SWIFT_VERSION = 5.0;
				TARGETED_DEVICE_FAMILY = "1,2";
				TEST_HOST = "$(BUILT_PRODUCTS_DIR)/PetProject.app/PetProject";
			};
			name = Release;
		};
		4340641C27EC6C210031CF24 /* Debug */ = {
			isa = XCBuildConfiguration;
			baseConfigurationReference = 074EE40B1AE975F0C2EF1716 /* Pods-PetProject-PetProjectUITests.debug.xcconfig */;
			buildSettings = {
				ALWAYS_EMBED_SWIFT_STANDARD_LIBRARIES = YES;
				CODE_SIGN_STYLE = Automatic;
				CURRENT_PROJECT_VERSION = 1;
				DEVELOPMENT_TEAM = JSY8H6LPZF;
				GENERATE_INFOPLIST_FILE = YES;
				MARKETING_VERSION = 1.0;
				PRODUCT_BUNDLE_IDENTIFIER = TL.PetProjectUITests;
				PRODUCT_NAME = "$(TARGET_NAME)";
				SWIFT_EMIT_LOC_STRINGS = NO;
				SWIFT_VERSION = 5.0;
				TARGETED_DEVICE_FAMILY = "1,2";
				TEST_TARGET_NAME = PetProject;
			};
			name = Debug;
		};
		4340641D27EC6C210031CF24 /* Release */ = {
			isa = XCBuildConfiguration;
			baseConfigurationReference = 9EF345FABF5925CFFA577B01 /* Pods-PetProject-PetProjectUITests.release.xcconfig */;
			buildSettings = {
				ALWAYS_EMBED_SWIFT_STANDARD_LIBRARIES = YES;
				CODE_SIGN_STYLE = Automatic;
				CURRENT_PROJECT_VERSION = 1;
				DEVELOPMENT_TEAM = JSY8H6LPZF;
				GENERATE_INFOPLIST_FILE = YES;
				MARKETING_VERSION = 1.0;
				PRODUCT_BUNDLE_IDENTIFIER = TL.PetProjectUITests;
				PRODUCT_NAME = "$(TARGET_NAME)";
				SWIFT_EMIT_LOC_STRINGS = NO;
				SWIFT_VERSION = 5.0;
				TARGETED_DEVICE_FAMILY = "1,2";
				TEST_TARGET_NAME = PetProject;
			};
			name = Release;
		};
/* End XCBuildConfiguration section */

/* Begin XCConfigurationList section */
		434063E627EC6C200031CF24 /* Build configuration list for PBXProject "PetProject" */ = {
			isa = XCConfigurationList;
			buildConfigurations = (
				4340641327EC6C210031CF24 /* Debug */,
				4340641427EC6C210031CF24 /* Release */,
			);
			defaultConfigurationIsVisible = 0;
			defaultConfigurationName = Debug;
		};
		4340641527EC6C210031CF24 /* Build configuration list for PBXNativeTarget "PetProject" */ = {
			isa = XCConfigurationList;
			buildConfigurations = (
				4340641627EC6C210031CF24 /* Debug */,
				4340641727EC6C210031CF24 /* Release */,
			);
			defaultConfigurationIsVisible = 0;
			defaultConfigurationName = Debug;
		};
		4340641827EC6C210031CF24 /* Build configuration list for PBXNativeTarget "PetProjectTests" */ = {
			isa = XCConfigurationList;
			buildConfigurations = (
				4340641927EC6C210031CF24 /* Debug */,
				4340641A27EC6C210031CF24 /* Release */,
			);
			defaultConfigurationIsVisible = 0;
			defaultConfigurationName = Debug;
		};
		4340641B27EC6C210031CF24 /* Build configuration list for PBXNativeTarget "PetProjectUITests" */ = {
			isa = XCConfigurationList;
			buildConfigurations = (
				4340641C27EC6C210031CF24 /* Debug */,
				4340641D27EC6C210031CF24 /* Release */,
			);
			defaultConfigurationIsVisible = 0;
			defaultConfigurationName = Debug;
		};
/* End XCConfigurationList section */
	};
	rootObject = 434063E327EC6C200031CF24 /* Project object */;
}
